PODS:
  - Flutter (1.0.0)
  - Meiqia (3.7.1):
    - Meiqia/MeiqiaSDK (= 3.7.1)
    - Meiqia/MQChatViewController (= 3.7.1)
  - Meiqia/MeiqiaSDK (3.7.1)
  - Meiqia/MQChatViewController (3.7.1):
    - Meiqia/MeiqiaSDK
  - meiqia_flutter (0.0.1):
    - Flutter
    - Meiqia

DEPENDENCIES:
  - Flutter (from `Flutter`)
  - meiqia_flutter (from `.symlinks/plugins/meiqia_flutter/ios`)

SPEC REPOS:
  trunk:
    - Meiqia

EXTERNAL SOURCES:
  Flutter:
    :path: Flutter
  meiqia_flutter:
    :path: ".symlinks/plugins/meiqia_flutter/ios"

SPEC CHECKSUMS:
  Flutter: 434fef37c0980e73bb6479ef766c45957d4b510c
  Meiqia: c848457179a875cd3168c336aef0e3edcb859b74
  meiqia_flutter: 410f73bb9eeada083fd11f33540031fda1f3a085

PODFILE CHECKSUM: 8e0dbe63a99948baae631197f9a4187f6287a5f0

COCOAPODS: 1.10.1
